
Microsoft Visual Studio Solution File, Format Version 12.00
# Visual Studio Version 17
VisualStudioVersion = 17.14.36202.13 d17.14
MinimumVisualStudioVersion = 10.0.40219.1
Project("{FAE04EC0-301F-11D3-BF4B-00C04F79EFBC}") = "LoanManagement", "LoanManagement.csproj", "{93B3A66A-F32C-45C7-A145-318009072DF1}"
EndProject
Global
	GlobalSection(SolutionConfigurationPlatforms) = preSolution
		Debug|Any CPU = Debug|Any CPU
		Release|Any CPU = Release|Any CPU
	EndGlobalSection
	GlobalSection(ProjectConfigurationPlatforms) = postSolution
		{93B3A66A-F32C-45C7-A145-318009072DF1}.Debug|Any CPU.ActiveCfg = Debug|Any CPU
		{93B3A66A-F32C-45C7-A145-318009072DF1}.Debug|Any CPU.Build.0 = Debug|Any CPU
		{93B3A66A-F32C-45C7-A145-318009072DF1}.Debug|Any CPU.Deploy.0 = Debug|Any CPU
		{93B3A66A-F32C-45C7-A145-318009072DF1}.Release|Any CPU.ActiveCfg = Release|Any CPU
		{93B3A66A-F32C-45C7-A145-318009072DF1}.Release|Any CPU.Build.0 = Release|Any CPU
	EndGlobalSection
	GlobalSection(SolutionProperties) = preSolution
		HideSolutionNode = FALSE
	EndGlobalSection
	GlobalSection(ExtensibilityGlobals) = postSolution
		SolutionGuid = {0B143525-7305-414A-8325-1463E0332F9F}
	EndGlobalSection
EndGlobal
